// !$*UTF8*$!
{
	archiveVersion = 1;
	classes = {
	};
	objectVersion = 56;
	objects = {

/* Begin PBXBuildFile section */
		B2C5425129AF4FCE001DFA8A /* Downloadable.swift in Sources */ = {isa = PBXBuildFile; fileRef = B2C5425029AF4FCE001DFA8A /* Downloadable.swift */; };
		B2F6366029AF382F003E89DE /* AppDelegate.swift in Sources */ = {isa = PBXBuildFile; fileRef = B2F6365F29AF382F003E89DE /* AppDelegate.swift */; };
		B2F6366229AF382F003E89DE /* SceneDelegate.swift in Sources */ = {isa = PBXBuildFile; fileRef = B2F6366129AF382F003E89DE /* SceneDelegate.swift */; };
		B2F6366429AF382F003E89DE /* ViewController.swift in Sources */ = {isa = PBXBuildFile; fileRef = B2F6366329AF382F003E89DE /* ViewController.swift */; };
		B2F6366729AF382F003E89DE /* Main.storyboard in Resources */ = {isa = PBXBuildFile; fileRef = B2F6366529AF382F003E89DE /* Main.storyboard */; };
		B2F6366929AF3831003E89DE /* Assets.xcassets in Resources */ = {isa = PBXBuildFile; fileRef = B2F6366829AF3831003E89DE /* Assets.xcassets */; };
		B2F6366C29AF3831003E89DE /* LaunchScreen.storyboard in Resources */ = {isa = PBXBuildFile; fileRef = B2F6366A29AF3831003E89DE /* LaunchScreen.storyboard */; };
/* End PBXBuildFile section */

/* Begin PBXFileReference section */
		B2C5425029AF4FCE001DFA8A /* Downloadable.swift */ = {isa = PBXFileReference; lastKnownFileType = sourcecode.swift; path = Downloadable.swift; sourceTree = "<group>"; };
		B2F6365C29AF382F003E89DE /* ImageDownloader.app */ = {isa = PBXFileReference; explicitFileType = wrapper.application; includeInIndex = 0; path = ImageDownloader.app; sourceTree = BUILT_PRODUCTS_DIR; };
		B2F6365F29AF382F003E89DE /* AppDelegate.swift */ = {isa = PBXFileReference; lastKnownFileType = sourcecode.swift; path = AppDelegate.swift; sourceTree = "<group>"; };
		B2F6366129AF382F003E89DE /* SceneDelegate.swift */ = {isa = PBXFileReference; lastKnownFileType = sourcecode.swift; path = SceneDelegate.swift; sourceTree = "<group>"; };
		B2F6366329AF382F003E89DE /* ViewController.swift */ = {isa = PBXFileReference; lastKnownFileType = sourcecode.swift; path = ViewController.swift; sourceTree = "<group>"; };
		B2F6366629AF382F003E89DE /* Base */ = {isa = PBXFileReference; lastKnownFileType = file.storyboard; name = Base; path = Base.lproj/Main.storyboard; sourceTree = "<group>"; };
		B2F6366829AF3831003E89DE /* Assets.xcassets */ = {isa = PBXFileReference; lastKnownFileType = folder.assetcatalog; path = Assets.xcassets; sourceTree = "<group>"; };
		B2F6366B29AF3831003E89DE /* Base */ = {isa = PBXFileReference; lastKnownFileType = file.storyboard; name = Base; path = Base.lproj/LaunchScreen.storyboard; sourceTree = "<group>"; };
		B2F6366D29AF3831003E89DE /* Info.plist */ = {isa = PBXFileReference; lastKnownFileType = text.plist.xml; path = Info.plist; sourceTree = "<group>"; };
/* End PBXFileReference section */

/* Begin PBXFrameworksBuildPhase section */
		B2F6365929AF382F003E89DE /* Frameworks */ = {
			isa = PBXFrameworksBuildPhase;
			buildActionMask = 2147483647;
			files = (
			);
			runOnlyForDeploymentPostprocessing = 0;
		};
/* End PBXFrameworksBuildPhase section */

/* Begin PBXGroup section */
		B2C5424A29AF4F79001DFA8A /* Resource */ = {
			isa = PBXGroup;
			children = (
				B2F6366829AF3831003E89DE /* Assets.xcassets */,
				B2F6366A29AF3831003E89DE /* LaunchScreen.storyboard */,
			);
			path = Resource;
			sourceTree = "<group>";
		};
		B2C5424B29AF4F85001DFA8A /* Source */ = {
			isa = PBXGroup;
			children = (
				B2C5424F29AF4FB8001DFA8A /* Protocol */,
				B2C5424C29AF4F8F001DFA8A /* App */,
				B2C5424E29AF4FA4001DFA8A /* Controller */,
				B2C5424D29AF4F9E001DFA8A /* View */,
			);
			path = Source;
			sourceTree = "<group>";
		};
		B2C5424C29AF4F8F001DFA8A /* App */ = {
			isa = PBXGroup;
			children = (
				B2F6365F29AF382F003E89DE /* AppDelegate.swift */,
				B2F6366129AF382F003E89DE /* SceneDelegate.swift */,
			);
			path = App;
			sourceTree = "<group>";
		};
		B2C5424D29AF4F9E001DFA8A /* View */ = {
			isa = PBXGroup;
			children = (
				B2F6366529AF382F003E89DE /* Main.storyboard */,
			);
			path = View;
			sourceTree = "<group>";
		};
		B2C5424E29AF4FA4001DFA8A /* Controller */ = {
			isa = PBXGroup;
			children = (
				B2F6366329AF382F003E89DE /* ViewController.swift */,
			);
			path = Controller;
			sourceTree = "<group>";
		};
		B2C5424F29AF4FB8001DFA8A /* Protocol */ = {
			isa = PBXGroup;
			children = (
				B2C5425029AF4FCE001DFA8A /* Downloadable.swift */,
			);
			path = Protocol;
			sourceTree = "<group>";
		};
		B2F6365329AF382F003E89DE = {
			isa = PBXGroup;
			children = (
				B2F6365E29AF382F003E89DE /* ImageDownloader */,
				B2F6365D29AF382F003E89DE /* Products */,
			);
			sourceTree = "<group>";
		};
		B2F6365D29AF382F003E89DE /* Products */ = {
			isa = PBXGroup;
			children = (
				B2F6365C29AF382F003E89DE /* ImageDownloader.app */,
			);
			name = Products;
			sourceTree = "<group>";
		};
		B2F6365E29AF382F003E89DE /* ImageDownloader */ = {
			isa = PBXGroup;
			children = (
				B2C5424B29AF4F85001DFA8A /* Source */,
				B2C5424A29AF4F79001DFA8A /* Resource */,
				B2F6366D29AF3831003E89DE /* Info.plist */,
			);
			path = ImageDownloader;
			sourceTree = "<group>";
		};
/* End PBXGroup section */

/* Begin PBXNativeTarget section */
		B2F6365B29AF382F003E89DE /* ImageDownloader */ = {
			isa = PBXNativeTarget;
			buildConfigurationList = B2F6367029AF3831003E89DE /* Build configuration list for PBXNativeTarget "ImageDownloader" */;
			buildPhases = (
				B2F6365829AF382F003E89DE /* Sources */,
				B2F6365929AF382F003E89DE /* Frameworks */,
				B2F6365A29AF382F003E89DE /* Resources */,
			);
			buildRules = (
			);
			dependencies = (
			);
			name = ImageDownloader;
			productName = ImageDownloader;
			productReference = B2F6365C29AF382F003E89DE /* ImageDownloader.app */;
			productType = "com.apple.product-type.application";
		};
/* End PBXNativeTarget section */

/* Begin PBXProject section */
		B2F6365429AF382F003E89DE /* Project object */ = {
			isa = PBXProject;
			attributes = {
				BuildIndependentTargetsInParallel = 1;
				LastSwiftUpdateCheck = 1420;
				LastUpgradeCheck = 1420;
				TargetAttributes = {
					B2F6365B29AF382F003E89DE = {
						CreatedOnToolsVersion = 14.2;
					};
				};
			};
			buildConfigurationList = B2F6365729AF382F003E89DE /* Build configuration list for PBXProject "ImageDownloader" */;
			compatibilityVersion = "Xcode 14.0";
			developmentRegion = en;
			hasScannedForEncodings = 0;
			knownRegions = (
				en,
				Base,
			);
			mainGroup = B2F6365329AF382F003E89DE;
			productRefGroup = B2F6365D29AF382F003E89DE /* Products */;
			projectDirPath = "";
			projectRoot = "";
			targets = (
				B2F6365B29AF382F003E89DE /* ImageDownloader */,
			);
		};
/* End PBXProject section */

/* Begin PBXResourcesBuildPhase section */
		B2F6365A29AF382F003E89DE /* Resources */ = {
			isa = PBXResourcesBuildPhase;
			buildActionMask = 2147483647;
			files = (
				B2F6366C29AF3831003E89DE /* LaunchScreen.storyboard in Resources */,
				B2F6366929AF3831003E89DE /* Assets.xcassets in Resources */,
				B2F6366729AF382F003E89DE /* Main.storyboard in Resources */,
			);
			runOnlyForDeploymentPostprocessing = 0;
		};
/* End PBXResourcesBuildPhase section */

/* Begin PBXSourcesBuildPhase section */
		B2F6365829AF382F003E89DE /* Sources */ = {
			isa = PBXSourcesBuildPhase;
			buildActionMask = 2147483647;
			files = (
				B2F6366429AF382F003E89DE /* ViewController.swift in Sources */,
				B2C5425129AF4FCE001DFA8A /* Downloadable.swift in Sources */,
				B2F6366029AF382F003E89DE /* AppDelegate.swift in Sources */,
				B2F6366229AF382F003E89DE /* SceneDelegate.swift in Sources */,
			);
			runOnlyForDeploymentPostprocessing = 0;
		};
/* End PBXSourcesBuildPhase section */

/* Begin PBXVariantGroup section */
		B2F6366529AF382F003E89DE /* Main.storyboard */ = {
			isa = PBXVariantGroup;
			children = (
				B2F6366629AF382F003E89DE /* Base */,
			);
			name = Main.storyboard;
			sourceTree = "<group>";
		};
		B2F6366A29AF3831003E89DE /* LaunchScreen.storyboard */ = {
			isa = PBXVariantGroup;
			children = (
				B2F6366B29AF3831003E89DE /* Base */,
			);
			name = LaunchScreen.storyboard;
			sourceTree = "<group>";
		};
/* End PBXVariantGroup section */

/* Begin XCBuildConfiguration section */
		B2F6366E29AF3831003E89DE /* Debug */ = {
			isa = XCBuildConfiguration;
			buildSettings = {
				ALWAYS_SEARCH_USER_PATHS = NO;
				CLANG_ANALYZER_NONNULL = YES;
				CLANG_ANALYZER_NUMBER_OBJECT_CONVERSION = YES_AGGRESSIVE;
				CLANG_CXX_LANGUAGE_STANDARD = "gnu++20";
				CLANG_ENABLE_MODULES = YES;
				CLANG_ENABLE_OBJC_ARC = YES;
				CLANG_ENABLE_OBJC_WEAK = YES;
				CLANG_WARN_BLOCK_CAPTURE_AUTORELEASING = YES;
				CLANG_WARN_BOOL_CONVERSION = YES;
				CLANG_WARN_COMMA = YES;
				CLANG_WARN_CONSTANT_CONVERSION = YES;
				CLANG_WARN_DEPRECATED_OBJC_IMPLEMENTATIONS = YES;
				CLANG_WARN_DIRECT_OBJC_ISA_USAGE = YES_ERROR;
				CLANG_WARN_DOCUMENTATION_COMMENTS = YES;
				CLANG_WARN_EMPTY_BODY = YES;
				CLANG_WARN_ENUM_CONVERSION = YES;
				CLANG_WARN_INFINITE_RECURSION = YES;
				CLANG_WARN_INT_CONVERSION = YES;
				CLANG_WARN_NON_LITERAL_NULL_CONVERSION = YES;
				CLANG_WARN_OBJC_IMPLICIT_RETAIN_SELF = YES;
				CLANG_WARN_OBJC_LITERAL_CONVERSION = YES;
				CLANG_WARN_OBJC_ROOT_CLASS = YES_ERROR;
				CLANG_WARN_QUOTED_INCLUDE_IN_FRAMEWORK_HEADER = YES;
				CLANG_WARN_RANGE_LOOP_ANALYSIS = YES;
				CLANG_WARN_STRICT_PROTOTYPES = YES;
				CLANG_WARN_SUSPICIOUS_MOVE = YES;
				CLANG_WARN_UNGUARDED_AVAILABILITY = YES_AGGRESSIVE;
				CLANG_WARN_UNREACHABLE_CODE = YES;
				CLANG_WARN__DUPLICATE_METHOD_MATCH = YES;
				COPY_PHASE_STRIP = NO;
				DEBUG_INFORMATION_FORMAT = dwarf;
				ENABLE_STRICT_OBJC_MSGSEND = YES;
				ENABLE_TESTABILITY = YES;
				GCC_C_LANGUAGE_STANDARD = gnu11;
				GCC_DYNAMIC_NO_PIC = NO;
				GCC_NO_COMMON_BLOCKS = YES;
				GCC_OPTIMIZATION_LEVEL = 0;
				GCC_PREPROCESSOR_DEFINITIONS = (
					"DEBUG=1",
					"$(inherited)",
				);
				GCC_WARN_64_TO_32_BIT_CONVERSION = YES;
				GCC_WARN_ABOUT_RETURN_TYPE = YES_ERROR;
				GCC_WARN_UNDECLARED_SELECTOR = YES;
				GCC_WARN_UNINITIALIZED_AUTOS = YES_AGGRESSIVE;
				GCC_WARN_UNUSED_FUNCTION = YES;
				GCC_WARN_UNUSED_VARIABLE = YES;
				IPHONEOS_DEPLOYMENT_TARGET = 16.2;
				MTL_ENABLE_DEBUG_INFO = INCLUDE_SOURCE;
				MTL_FAST_MATH = YES;
				ONLY_ACTIVE_ARCH = YES;
				SDKROOT = iphoneos;
				SWIFT_ACTIVE_COMPILATION_CONDITIONS = DEBUG;
				SWIFT_OPTIMIZATION_LEVEL = "-Onone";
			};
			name = Debug;
		};
		B2F6366F29AF3831003E89DE /* Release */ = {
			isa = XCBuildConfiguration;
			buildSettings = {
				ALWAYS_SEARCH_USER_PATHS = NO;
				CLANG_ANALYZER_NONNULL = YES;
				CLANG_ANALYZER_NUMBER_OBJECT_CONVERSION = YES_AGGRESSIVE;
				CLANG_CXX_LANGUAGE_STANDARD = "gnu++20";
				CLANG_ENABLE_MODULES = YES;
				CLANG_ENABLE_OBJC_ARC = YES;
				CLANG_ENABLE_OBJC_WEAK = YES;
				CLANG_WARN_BLOCK_CAPTURE_AUTORELEASING = YES;
				CLANG_WARN_BOOL_CONVERSION = YES;
				CLANG_WARN_COMMA = YES;
				CLANG_WARN_CONSTANT_CONVERSION = YES;
				CLANG_WARN_DEPRECATED_OBJC_IMPLEMENTATIONS = YES;
				CLANG_WARN_DIRECT_OBJC_ISA_USAGE = YES_ERROR;
				CLANG_WARN_DOCUMENTATION_COMMENTS = YES;
				CLANG_WARN_EMPTY_BODY = YES;
				CLANG_WARN_ENUM_CONVERSION = YES;
				CLANG_WARN_INFINITE_RECURSION = YES;
				CLANG_WARN_INT_CONVERSION = YES;
				CLANG_WARN_NON_LITERAL_NULL_CONVERSION = YES;
				CLANG_WARN_OBJC_IMPLICIT_RETAIN_SELF = YES;
				CLANG_WARN_OBJC_LITERAL_CONVERSION = YES;
				CLANG_WARN_OBJC_ROOT_CLASS = YES_ERROR;
				CLANG_WARN_QUOTED_INCLUDE_IN_FRAMEWORK_HEADER = YES;
				CLANG_WARN_RANGE_LOOP_ANALYSIS = YES;
				CLANG_WARN_STRICT_PROTOTYPES = YES;
				CLANG_WARN_SUSPICIOUS_MOVE = YES;
				CLANG_WARN_UNGUARDED_AVAILABILITY = YES_AGGRESSIVE;
				CLANG_WARN_UNREACHABLE_CODE = YES;
				CLANG_WARN__DUPLICATE_METHOD_MATCH = YES;
				COPY_PHASE_STRIP = NO;
				DEBUG_INFORMATION_FORMAT = "dwarf-with-dsym";
				ENABLE_NS_ASSERTIONS = NO;
				ENABLE_STRICT_OBJC_MSGSEND = YES;
				GCC_C_LANGUAGE_STANDARD = gnu11;
				GCC_NO_COMMON_BLOCKS = YES;
				GCC_WARN_64_TO_32_BIT_CONVERSION = YES;
				GCC_WARN_ABOUT_RETURN_TYPE = YES_ERROR;
				GCC_WARN_UNDECLARED_SELECTOR = YES;
				GCC_WARN_UNINITIALIZED_AUTOS = YES_AGGRESSIVE;
				GCC_WARN_UNUSED_FUNCTION = YES;
				GCC_WARN_UNUSED_VARIABLE = YES;
				IPHONEOS_DEPLOYMENT_TARGET = 16.2;
				MTL_ENABLE_DEBUG_INFO = NO;
				MTL_FAST_MATH = YES;
				SDKROOT = iphoneos;
				SWIFT_COMPILATION_MODE = wholemodule;
				SWIFT_OPTIMIZATION_LEVEL = "-O";
				VALIDATE_PRODUCT = YES;
			};
			name = Release;
		};
		B2F6367129AF3831003E89DE /* Debug */ = {
			isa = XCBuildConfiguration;
			buildSettings = {
				ASSETCATALOG_COMPILER_APPICON_NAME = AppIcon;
				ASSETCATALOG_COMPILER_GLOBAL_ACCENT_COLOR_NAME = AccentColor;
				CODE_SIGN_STYLE = Automatic;
				CURRENT_PROJECT_VERSION = 1;
				DEVELOPMENT_TEAM = R4D3JSH53Q;
				GENERATE_INFOPLIST_FILE = YES;
				INFOPLIST_FILE = ImageDownloader/Info.plist;
				INFOPLIST_KEY_UIApplicationSupportsIndirectInputEvents = YES;
				INFOPLIST_KEY_UILaunchStoryboardName = LaunchScreen;
				INFOPLIST_KEY_UIMainStoryboardFile = Main;
				INFOPLIST_KEY_UISupportedInterfaceOrientations_iPad = "UIInterfaceOrientationPortrait UIInterfaceOrientationPortraitUpsideDown UIInterfaceOrientationLandscapeLeft UIInterfaceOrientationLandscapeRight";
				INFOPLIST_KEY_UISupportedInterfaceOrientations_iPhone = "UIInterfaceOrientationPortrait UIInterfaceOrientationLandscapeLeft UIInterfaceOrientationLandscapeRight";
				LD_RUNPATH_SEARCH_PATHS = (
					"$(inherited)",
					"@executable_path/Frameworks",
				);
				MARKETING_VERSION = 1.0;
				PRODUCT_BUNDLE_IDENTIFIER = com.lnho.ImageDownloader;
				PRODUCT_NAME = "$(TARGET_NAME)";
				SWIFT_EMIT_LOC_STRINGS = YES;
				SWIFT_VERSION = 5.0;
				TARGETED_DEVICE_FAMILY = "1,2";
			};
			name = Debug;
		};
		B2F6367229AF3831003E89DE /* Release */ = {
			isa = XCBuildConfiguration;
			buildSettings = {
				ASSETCATALOG_COMPILER_APPICON_NAME = AppIcon;
				ASSETCATALOG_COMPILER_GLOBAL_ACCENT_COLOR_NAME = AccentColor;
				CODE_SIGN_STYLE = Automatic;
				CURRENT_PROJECT_VERSION = 1;
				DEVELOPMENT_TEAM = R4D3JSH53Q;
				GENERATE_INFOPLIST_FILE = YES;
				INFOPLIST_FILE = ImageDownloader/Info.plist;
				INFOPLIST_KEY_UIApplicationSupportsIndirectInputEvents = YES;
				INFOPLIST_KEY_UILaunchStoryboardName = LaunchScreen;
				INFOPLIST_KEY_UIMainStoryboardFile = Main;
				INFOPLIST_KEY_UISupportedInterfaceOrientations_iPad = "UIInterfaceOrientationPortrait UIInterfaceOrientationPortraitUpsideDown UIInterfaceOrientationLandscapeLeft UIInterfaceOrientationLandscapeRight";
				INFOPLIST_KEY_UISupportedInterfaceOrientations_iPhone = "UIInterfaceOrientationPortrait UIInterfaceOrientationLandscapeLeft UIInterfaceOrientationLandscapeRight";
				LD_RUNPATH_SEARCH_PATHS = (
					"$(inherited)",
					"@executable_path/Frameworks",
				);
				MARKETING_VERSION = 1.0;
				PRODUCT_BUNDLE_IDENTIFIER = com.lnho.ImageDownloader;
				PRODUCT_NAME = "$(TARGET_NAME)";
				SWIFT_EMIT_LOC_STRINGS = YES;
				SWIFT_VERSION = 5.0;
				TARGETED_DEVICE_FAMILY = "1,2";
			};
			name = Release;
		};
/* End XCBuildConfiguration section */

/* Begin XCConfigurationList section */
		B2F6365729AF382F003E89DE /* Build configuration list for PBXProject "ImageDownloader" */ = {
			isa = XCConfigurationList;
			buildConfigurations = (
				B2F6366E29AF3831003E89DE /* Debug */,
				B2F6366F29AF3831003E89DE /* Release */,
			);
			defaultConfigurationIsVisible = 0;
			defaultConfigurationName = Release;
		};
		B2F6367029AF3831003E89DE /* Build configuration list for PBXNativeTarget "ImageDownloader" */ = {
			isa = XCConfigurationList;
			buildConfigurations = (
				B2F6367129AF3831003E89DE /* Debug */,
				B2F6367229AF3831003E89DE /* Release */,
			);
			defaultConfigurationIsVisible = 0;
			defaultConfigurationName = Release;
		};
/* End XCConfigurationList section */
	};
	rootObject = B2F6365429AF382F003E89DE /* Project object */;
}
